
Microsoft Visual Studio Solution File, Format Version 12.00
# Visual Studio Version 17
VisualStudioVersion = 17.2.32505.173
MinimumVisualStudioVersion = 10.0.40219.1
Project("{8BC9CEB8-8B4A-11D0-8D11-00A0C91BC942}") = "万能计算器", "万能计算器.vcxproj", "{B28D3A1F-02F6-4EA0-898D-9B3923DEE5CD}"
EndProject
Global
	GlobalSection(SolutionConfigurationPlatforms) = preSolution
		Debug|ARM64 = Debug|ARM64
		Debug|x64 = Debug|x64
		Debug|x86 = Debug|x86
		Release|ARM64 = Release|ARM64
		Release|x64 = Release|x64
		Release|x86 = Release|x86
	EndGlobalSection
	GlobalSection(ProjectConfigurationPlatforms) = postSolution
		{B28D3A1F-02F6-4EA0-898D-9B3923DEE5CD}.Debug|ARM64.ActiveCfg = Debug|ARM64
		{B28D3A1F-02F6-4EA0-898D-9B3923DEE5CD}.Debug|ARM64.Build.0 = Debug|ARM64
		{B28D3A1F-02F6-4EA0-898D-9B3923DEE5CD}.Debug|x64.ActiveCfg = Debug|x64
		{B28D3A1F-02F6-4EA0-898D-9B3923DEE5CD}.Debug|x64.Build.0 = Debug|x64
		{B28D3A1F-02F6-4EA0-898D-9B3923DEE5CD}.Debug|x86.ActiveCfg = Debug|Win32
		{B28D3A1F-02F6-4EA0-898D-9B3923DEE5CD}.Debug|x86.Build.0 = Debug|Win32
		{B28D3A1F-02F6-4EA0-898D-9B3923DEE5CD}.Release|ARM64.ActiveCfg = Release|ARM64
		{B28D3A1F-02F6-4EA0-898D-9B3923DEE5CD}.Release|ARM64.Build.0 = Release|ARM64
		{B28D3A1F-02F6-4EA0-898D-9B3923DEE5CD}.Release|x64.ActiveCfg = Release|x64
		{B28D3A1F-02F6-4EA0-898D-9B3923DEE5CD}.Release|x64.Build.0 = Release|x64
		{B28D3A1F-02F6-4EA0-898D-9B3923DEE5CD}.Release|x86.ActiveCfg = Release|Win32
		{B28D3A1F-02F6-4EA0-898D-9B3923DEE5CD}.Release|x86.Build.0 = Release|Win32
	EndGlobalSection
	GlobalSection(SolutionProperties) = preSolution
		HideSolutionNode = FALSE
	EndGlobalSection
	GlobalSection(ExtensibilityGlobals) = postSolution
		SolutionGuid = {98A22394-30B5-476E-8288-99CE5B8FA376}
	EndGlobalSection
EndGlobal
